
Microsoft Visual Studio Solution File, Format Version 12.00
# Visual Studio Version 16
VisualStudioVersion = 16.0.31025.194
MinimumVisualStudioVersion = 10.0.40219.1
Project("{FAE04EC0-301F-11D3-BF4B-00C04F79EFBC}") = "telephone", "telephone\telephone.csproj", "{48F0A6E5-4910-4229-8BB7-71468D01DB7E}"
EndProject
Global
	GlobalSection(SolutionConfigurationPlatforms) = preSolution
		Debug|Any CPU = Debug|Any CPU
		Release|Any CPU = Release|Any CPU
	EndGlobalSection
	GlobalSection(ProjectConfigurationPlatforms) = postSolution
		{48F0A6E5-4910-4229-8BB7-71468D01DB7E}.Debug|Any CPU.ActiveCfg = Debug|Any CPU
		{48F0A6E5-4910-4229-8BB7-71468D01DB7E}.Debug|Any CPU.Build.0 = Debug|Any CPU
		{48F0A6E5-4910-4229-8BB7-71468D01DB7E}.Release|Any CPU.ActiveCfg = Release|Any CPU
		{48F0A6E5-4910-4229-8BB7-71468D01DB7E}.Release|Any CPU.Build.0 = Release|Any CPU
	EndGlobalSection
	GlobalSection(SolutionProperties) = preSolution
		HideSolutionNode = FALSE
	EndGlobalSection
	GlobalSection(ExtensibilityGlobals) = postSolution
		SolutionGuid = {64E411F4-9FEA-44B1-A503-FCD2D99B595B}
	EndGlobalSection
EndGlobal
